# THIS IS AN AUTOGENERATED FILE. DO NOT EDIT THIS FILE DIRECTLY.
# yarn lockfile v1


simple-markdown@^0.4.2:
  version "0.4.2"
  resolved "https://registry.yarnpkg.com/simple-markdown/-/simple-markdown-0.4.2.tgz#98fd72bd4f8ced9705f3e72c4cb4a00261a5eca0"
  integrity sha512-lysF/mIJ3Trv/QsxY5Q5XWupVLtyPH6AslxOxscWhUshQNAfHRd7ayuXHlXkXVnujHfIVa0okDw3ZGnzCroO7Q==
